
Microsoft Visual Studio Solution File, Format Version 12.00
# Visual Studio Version 17
VisualStudioVersion = 17.2.32602.215
MinimumVisualStudioVersion = 10.0.40219.1
Project("{9A19103F-16F7-4668-BE54-9A1E7A4F7556}") = "DrawingApp", "WpfApp1\DrawingApp.csproj", "{7D695285-B11F-477D-8E53-FCA67C79DD11}"
EndProject
Global
	GlobalSection(SolutionConfigurationPlatforms) = preSolution
		Debug|Any CPU = Debug|Any CPU
		Release|Any CPU = Release|Any CPU
	EndGlobalSection
	GlobalSection(ProjectConfigurationPlatforms) = postSolution
		{7D695285-B11F-477D-8E53-FCA67C79DD11}.Debug|Any CPU.ActiveCfg = Debug|Any CPU
		{7D695285-B11F-477D-8E53-FCA67C79DD11}.Debug|Any CPU.Build.0 = Debug|Any CPU
		{7D695285-B11F-477D-8E53-FCA67C79DD11}.Release|Any CPU.ActiveCfg = Release|Any CPU
		{7D695285-B11F-477D-8E53-FCA67C79DD11}.Release|Any CPU.Build.0 = Release|Any CPU
	EndGlobalSection
	GlobalSection(SolutionProperties) = preSolution
		HideSolutionNode = FALSE
	EndGlobalSection
	GlobalSection(ExtensibilityGlobals) = postSolution
		SolutionGuid = {43887AFD-3A0F-4813-A89E-CE2C8513A0F5}
	EndGlobalSection
EndGlobal
